
Microsoft Visual Studio Solution File, Format Version 12.00
# Visual Studio Version 16
VisualStudioVersion = 16.0.32510.428
MinimumVisualStudioVersion = 10.0.40219.1
Project("{9A19103F-16F7-4668-BE54-9A1E7A4F7556}") = "Assembly-CSharp", "Assembly-CSharp.csproj", "{28DC0CD5-A1F5-44CB-BE55-2076A237B95E}"
EndProject
Global
	GlobalSection(SolutionConfigurationPlatforms) = preSolution
		Debug|Any CPU = Debug|Any CPU
		Release|Any CPU = Release|Any CPU
	EndGlobalSection
	GlobalSection(ProjectConfigurationPlatforms) = postSolution
		{28DC0CD5-A1F5-44CB-BE55-2076A237B95E}.Debug|Any CPU.ActiveCfg = Debug|Any CPU
		{28DC0CD5-A1F5-44CB-BE55-2076A237B95E}.Debug|Any CPU.Build.0 = Debug|Any CPU
		{28DC0CD5-A1F5-44CB-BE55-2076A237B95E}.Release|Any CPU.ActiveCfg = Release|Any CPU
		{28DC0CD5-A1F5-44CB-BE55-2076A237B95E}.Release|Any CPU.Build.0 = Release|Any CPU
	EndGlobalSection
	GlobalSection(SolutionProperties) = preSolution
		HideSolutionNode = FALSE
	EndGlobalSection
	GlobalSection(ExtensibilityGlobals) = postSolution
		SolutionGuid = {995E0250-727D-4064-A6D4-34A4998C623B}
	EndGlobalSection
EndGlobal
